<Solution>
  <Project Path="src/SL.DesafioPagueVeloz.Api/SL.DesafioPagueVeloz.Api.csproj" Id="6221d9f9-66a1-4725-b6ef-9cc2ecc1fa4c" />
  <Project Path="src/SL.DesafioPagueVeloz.Application/SL.DesafioPagueVeloz.Application.csproj" Id="d67f15c8-0e80-40ac-8241-20e8d93e379e" />
  <Project Path="src/SL.DesafioPagueVeloz.Domain/SL.DesafioPagueVeloz.Domain.csproj" Id="ad8fcabf-573f-4d6e-9df8-e470351b4ef8" />
  <Project Path="src/SL.DesafioPagueVeloz.Infrastructure/SL.DesafioPagueVeloz.Infrastructure.csproj" Id="a1e61add-80aa-4de6-8fe4-1a98dbe31b45" />
</Solution>
